
Microsoft Visual Studio Solution File, Format Version 12.00
# Visual Studio Version 17
VisualStudioVersion = 17.13.35806.99
MinimumVisualStudioVersion = 10.0.40219.1
Project("{FAE04EC0-301F-11D3-BF4B-00C04F79EFBC}") = "CustomAIService", "CustomAIService.csproj", "{F204D534-B9A4-475B-BBF1-CC9F4CACCB06}"
EndProject
Global
	GlobalSection(SolutionConfigurationPlatforms) = preSolution
		Debug|Any CPU = Debug|Any CPU
		Release|Any CPU = Release|Any CPU
	EndGlobalSection
	GlobalSection(ProjectConfigurationPlatforms) = postSolution
		{F204D534-B9A4-475B-BBF1-CC9F4CACCB06}.Debug|Any CPU.ActiveCfg = Debug|Any CPU
		{F204D534-B9A4-475B-BBF1-CC9F4CACCB06}.Debug|Any CPU.Build.0 = Debug|Any CPU
		{F204D534-B9A4-475B-BBF1-CC9F4CACCB06}.Release|Any CPU.ActiveCfg = Release|Any CPU
		{F204D534-B9A4-475B-BBF1-CC9F4CACCB06}.Release|Any CPU.Build.0 = Release|Any CPU
	EndGlobalSection
	GlobalSection(SolutionProperties) = preSolution
		HideSolutionNode = FALSE
	EndGlobalSection
	GlobalSection(ExtensibilityGlobals) = postSolution
		SolutionGuid = {E4653B19-7670-41D2-B173-B391290AD3BB}
	EndGlobalSection
EndGlobal
